
Microsoft Visual Studio Solution File, Format Version 12.00
# Visual Studio Version 17
VisualStudioVersion = 17.7.34024.191
MinimumVisualStudioVersion = 10.0.40219.1
Project("{9A19103F-16F7-4668-BE54-9A1E7A4F7556}") = "SoundReplacer", "SoundReplacer\SoundReplacer.csproj", "{3A9411C8-2398-4F48-A5E1-FD1960582770}"
EndProject
Project("{9A19103F-16F7-4668-BE54-9A1E7A4F7556}") = "ConsoleApp1", "ConsoleApp1\ConsoleApp1.csproj", "{21EFAC47-4662-49F8-B78C-70A3D29CB8C9}"
EndProject
Project("{FAE04EC0-301F-11D3-BF4B-00C04F79EFBC}") = "WpfApp1", "WpfApp1\WpfApp1.csproj", "{ADABA683-6294-4D8B-A852-90085AD007BD}"
EndProject
Global
	GlobalSection(SolutionConfigurationPlatforms) = preSolution
		Debug|Any CPU = Debug|Any CPU
		Release|Any CPU = Release|Any CPU
	EndGlobalSection
	GlobalSection(ProjectConfigurationPlatforms) = postSolution
		{3A9411C8-2398-4F48-A5E1-FD1960582770}.Debug|Any CPU.ActiveCfg = Debug|Any CPU
		{3A9411C8-2398-4F48-A5E1-FD1960582770}.Debug|Any CPU.Build.0 = Debug|Any CPU
		{3A9411C8-2398-4F48-A5E1-FD1960582770}.Release|Any CPU.ActiveCfg = Release|Any CPU
		{3A9411C8-2398-4F48-A5E1-FD1960582770}.Release|Any CPU.Build.0 = Release|Any CPU
		{21EFAC47-4662-49F8-B78C-70A3D29CB8C9}.Debug|Any CPU.ActiveCfg = Debug|Any CPU
		{21EFAC47-4662-49F8-B78C-70A3D29CB8C9}.Debug|Any CPU.Build.0 = Debug|Any CPU
		{21EFAC47-4662-49F8-B78C-70A3D29CB8C9}.Release|Any CPU.ActiveCfg = Release|Any CPU
		{21EFAC47-4662-49F8-B78C-70A3D29CB8C9}.Release|Any CPU.Build.0 = Release|Any CPU
		{ADABA683-6294-4D8B-A852-90085AD007BD}.Debug|Any CPU.ActiveCfg = Debug|Any CPU
		{ADABA683-6294-4D8B-A852-90085AD007BD}.Debug|Any CPU.Build.0 = Debug|Any CPU
		{ADABA683-6294-4D8B-A852-90085AD007BD}.Release|Any CPU.ActiveCfg = Release|Any CPU
		{ADABA683-6294-4D8B-A852-90085AD007BD}.Release|Any CPU.Build.0 = Release|Any CPU
	EndGlobalSection
	GlobalSection(SolutionProperties) = preSolution
		HideSolutionNode = FALSE
	EndGlobalSection
	GlobalSection(ExtensibilityGlobals) = postSolution
		SolutionGuid = {CCF05AC9-C05C-46F2-BC6C-D8275D27F841}
	EndGlobalSection
EndGlobal
